// !$*UTF8*$!
{
	archiveVersion = 1;
	classes = {
	};
	objectVersion = 51;
	objects = {

/* Begin PBXBuildFile section */
		275E5A8E6156963DADC33ED5 /* Pods_Save_Account.framework in Frameworks */ = {isa = PBXBuildFile; fileRef = DBCC26FE7BDC1E652BD98323 /* Pods_Save_Account.framework */; };
		DE688439E3CDD5DFE6C51CC3 /* (null) in Frameworks */ = {isa = PBXBuildFile; };
		F1369F8A22D815E6000EB574 /* HomeCoordinator.swift in Sources */ = {isa = PBXBuildFile; fileRef = F1369F8922D815E6000EB574 /* HomeCoordinator.swift */; };
		F1369F8C22D818C8000EB574 /* GoogleService-Info.plist in Resources */ = {isa = PBXBuildFile; fileRef = F1369F8B22D818C8000EB574 /* GoogleService-Info.plist */; };
		F1457EF522DDA2C200EBD322 /* GridLayout.swift in Sources */ = {isa = PBXBuildFile; fileRef = F1457EF422DDA2C200EBD322 /* GridLayout.swift */; };
		F1457EF822DDA31800EBD322 /* PostsCell.swift in Sources */ = {isa = PBXBuildFile; fileRef = F1457EF622DDA31800EBD322 /* PostsCell.swift */; };
		F1457EF922DDA31800EBD322 /* PostsCell.xib in Resources */ = {isa = PBXBuildFile; fileRef = F1457EF722DDA31800EBD322 /* PostsCell.xib */; };
		F1457EFB22DDA34500EBD322 /* Reusable.swift in Sources */ = {isa = PBXBuildFile; fileRef = F1457EFA22DDA34500EBD322 /* Reusable.swift */; };
		F1457EFE22DDA36100EBD322 /* Post.swift in Sources */ = {isa = PBXBuildFile; fileRef = F1457EFD22DDA36100EBD322 /* Post.swift */; };
		F14F4D3522D7B4AF00F83D60 /* AppDelegate.swift in Sources */ = {isa = PBXBuildFile; fileRef = F14F4D3422D7B4AF00F83D60 /* AppDelegate.swift */; };
		F14F4D3C22D7B4B100F83D60 /* Assets.xcassets in Resources */ = {isa = PBXBuildFile; fileRef = F14F4D3B22D7B4B100F83D60 /* Assets.xcassets */; };
		F14F4D4722D7C06400F83D60 /* Logger.swift in Sources */ = {isa = PBXBuildFile; fileRef = F14F4D4622D7C06400F83D60 /* Logger.swift */; };
		F14F4D4A22D7C14100F83D60 /* AppCoordinator.swift in Sources */ = {isa = PBXBuildFile; fileRef = F14F4D4922D7C14100F83D60 /* AppCoordinator.swift */; };
		F14F4D4D22D7C21700F83D60 /* Coordinating.swift in Sources */ = {isa = PBXBuildFile; fileRef = F14F4D4C22D7C21700F83D60 /* Coordinating.swift */; };
		F14F4D4F22D7C26900F83D60 /* AuthCoordinator.swift in Sources */ = {isa = PBXBuildFile; fileRef = F14F4D4E22D7C26900F83D60 /* AuthCoordinator.swift */; };
		F14F4D5322D7C39D00F83D60 /* LaunchScreen.storyboard in Resources */ = {isa = PBXBuildFile; fileRef = F14F4D5122D7C39D00F83D60 /* LaunchScreen.storyboard */; };
		F151E84322EA821600D16EF7 /* InstagramEmbedded.swift in Sources */ = {isa = PBXBuildFile; fileRef = F151E84222EA821600D16EF7 /* InstagramEmbedded.swift */; };
		F151E84522EA87B600D16EF7 /* GoogleService-Info.plist in Resources */ = {isa = PBXBuildFile; fileRef = F151E84422EA87B600D16EF7 /* GoogleService-Info.plist */; };
		F151E84822EACE9600D16EF7 /* StoreKit.framework in Frameworks */ = {isa = PBXBuildFile; fileRef = F151E84722EACE9600D16EF7 /* StoreKit.framework */; };
		F151E84A22EBDEE200D16EF7 /* SearchCoordinator.swift in Sources */ = {isa = PBXBuildFile; fileRef = F151E84922EBDEE200D16EF7 /* SearchCoordinator.swift */; };
		F151E84C22EBE1F700D16EF7 /* AccountsCoordinator.swift in Sources */ = {isa = PBXBuildFile; fileRef = F151E84B22EBE1F700D16EF7 /* AccountsCoordinator.swift */; };
		F151E84E22EBE72700D16EF7 /* UITabBarController+LoadControllers.swift in Sources */ = {isa = PBXBuildFile; fileRef = F151E84D22EBE72600D16EF7 /* UITabBarController+LoadControllers.swift */; };
		F151E85D22EC060400D16EF7 /* CollectionsKit.framework in Frameworks */ = {isa = PBXBuildFile; fileRef = F151E85422EC060400D16EF7 /* CollectionsKit.framework */; };
		F151E86422EC060400D16EF7 /* CollectionsKitTests.swift in Sources */ = {isa = PBXBuildFile; fileRef = F151E86322EC060400D16EF7 /* CollectionsKitTests.swift */; };
		F151E86622EC060400D16EF7 /* CollectionsKit.h in Headers */ = {isa = PBXBuildFile; fileRef = F151E85622EC060400D16EF7 /* CollectionsKit.h */; settings = {ATTRIBUTES = (Public, ); }; };
		F151E86922EC060400D16EF7 /* CollectionsKit.framework in Frameworks */ = {isa = PBXBuildFile; fileRef = F151E85422EC060400D16EF7 /* CollectionsKit.framework */; };
		F151E86A22EC060400D16EF7 /* CollectionsKit.framework in Embed Frameworks */ = {isa = PBXBuildFile; fileRef = F151E85422EC060400D16EF7 /* CollectionsKit.framework */; settings = {ATTRIBUTES = (CodeSignOnCopy, RemoveHeadersOnCopy, ); }; };
		F151E87222EC066B00D16EF7 /* Modellable.swift in Sources */ = {isa = PBXBuildFile; fileRef = F151E87122EC066B00D16EF7 /* Modellable.swift */; };
		F151E87522EC06B700D16EF7 /* Account.swift in Sources */ = {isa = PBXBuildFile; fileRef = F151E87422EC06B700D16EF7 /* Account.swift */; };
		F151E87922EC0B7400D16EF7 /* Collection+Modellable.swift in Sources */ = {isa = PBXBuildFile; fileRef = F151E87822EC0B7400D16EF7 /* Collection+Modellable.swift */; };
		F1578E7322E2EFFC0023C704 /* AccountsCell.swift in Sources */ = {isa = PBXBuildFile; fileRef = F1578E7122E2EFFC0023C704 /* AccountsCell.swift */; };
		F1578E7422E2EFFC0023C704 /* AccountsCell.xib in Resources */ = {isa = PBXBuildFile; fileRef = F1578E7222E2EFFC0023C704 /* AccountsCell.xib */; };
		F18FBA9322EA2D27001C0C42 /* Media.xcassets in Resources */ = {isa = PBXBuildFile; fileRef = F18FBA9222EA2D27001C0C42 /* Media.xcassets */; };
		F18FBA9522EA2D27001C0C42 /* SaveAccountViewController.swift in Sources */ = {isa = PBXBuildFile; fileRef = F18FBA9422EA2D27001C0C42 /* SaveAccountViewController.swift */; };
		F18FBA9C22EA2D27001C0C42 /* Save Account.appex in Embed App Extensions */ = {isa = PBXBuildFile; fileRef = F18FBA9022EA2D27001C0C42 /* Save Account.appex */; settings = {ATTRIBUTES = (RemoveHeadersOnCopy, ); }; };
		F19581F622DC3151005C0DD1 /* UserDefaultsKey.swift in Sources */ = {isa = PBXBuildFile; fileRef = F19581F522DC3151005C0DD1 /* UserDefaultsKey.swift */; };
		F19581F822DC3393005C0DD1 /* AppDelegateAccessing.swift in Sources */ = {isa = PBXBuildFile; fileRef = F19581F722DC3393005C0DD1 /* AppDelegateAccessing.swift */; };
		F19581FA22DC36BA005C0DD1 /* DeepLinkHandler.swift in Sources */ = {isa = PBXBuildFile; fileRef = F19581F922DC36BA005C0DD1 /* DeepLinkHandler.swift */; };
		F1AEF6F222EA7A8A00BBD6B4 /* SaveAccountViewController.storyboard in Resources */ = {isa = PBXBuildFile; fileRef = F1AEF6EC22EA7A8A00BBD6B4 /* SaveAccountViewController.storyboard */; };
		F1AEF6F522EA7A8A00BBD6B4 /* SaveAccountAccessing.swift in Sources */ = {isa = PBXBuildFile; fileRef = F1AEF6EF22EA7A8A00BBD6B4 /* SaveAccountAccessing.swift */; };
		F1AEF6FA22EA7B5800BBD6B4 /* NetworkGateway.swift in Sources */ = {isa = PBXBuildFile; fileRef = F1AEF6F922EA7B5800BBD6B4 /* NetworkGateway.swift */; };
		F1BF8D8822DD65EE004B76F4 /* SearchPresenter.swift in Sources */ = {isa = PBXBuildFile; fileRef = F1BF8D8222DD65EE004B76F4 /* SearchPresenter.swift */; };
		F1BF8D8922DD65EE004B76F4 /* SearchAccessing.swift in Sources */ = {isa = PBXBuildFile; fileRef = F1BF8D8322DD65EE004B76F4 /* SearchAccessing.swift */; };
		F1BF8D8A22DD65EE004B76F4 /* SearchViewController.storyboard in Resources */ = {isa = PBXBuildFile; fileRef = F1BF8D8422DD65EE004B76F4 /* SearchViewController.storyboard */; };
		F1BF8D8B22DD65EE004B76F4 /* SearchViewController.swift in Sources */ = {isa = PBXBuildFile; fileRef = F1BF8D8522DD65EE004B76F4 /* SearchViewController.swift */; };
		F1BF8D8C22DD65EE004B76F4 /* SearchInteractor.swift in Sources */ = {isa = PBXBuildFile; fileRef = F1BF8D8622DD65EE004B76F4 /* SearchInteractor.swift */; };
		F1BF8D8D22DD65EE004B76F4 /* SearchWireframe.swift in Sources */ = {isa = PBXBuildFile; fileRef = F1BF8D8722DD65EE004B76F4 /* SearchWireframe.swift */; };
		F1C1EB0E22E6BE48002A717A /* PostDetailPresenter.swift in Sources */ = {isa = PBXBuildFile; fileRef = F1C1EB0822E6BE47002A717A /* PostDetailPresenter.swift */; };
		F1C1EB0F22E6BE48002A717A /* PostDetailViewController.storyboard in Resources */ = {isa = PBXBuildFile; fileRef = F1C1EB0922E6BE47002A717A /* PostDetailViewController.storyboard */; };
		F1C1EB1022E6BE48002A717A /* PostDetailViewController.swift in Sources */ = {isa = PBXBuildFile; fileRef = F1C1EB0A22E6BE47002A717A /* PostDetailViewController.swift */; };
		F1C1EB1122E6BE48002A717A /* PostDetailInteractor.swift in Sources */ = {isa = PBXBuildFile; fileRef = F1C1EB0B22E6BE47002A717A /* PostDetailInteractor.swift */; };
		F1C1EB1222E6BE48002A717A /* PostDetailAccessing.swift in Sources */ = {isa = PBXBuildFile; fileRef = F1C1EB0C22E6BE48002A717A /* PostDetailAccessing.swift */; };
		F1C1EB1322E6BE48002A717A /* PostDetailWireframe.swift in Sources */ = {isa = PBXBuildFile; fileRef = F1C1EB0D22E6BE48002A717A /* PostDetailWireframe.swift */; };
		F1C352A922D7C576005198B8 /* AuthPresenter.swift in Sources */ = {isa = PBXBuildFile; fileRef = F1C352A322D7C576005198B8 /* AuthPresenter.swift */; };
		F1C352AA22D7C576005198B8 /* AuthAccessing.swift in Sources */ = {isa = PBXBuildFile; fileRef = F1C352A422D7C576005198B8 /* AuthAccessing.swift */; };
		F1C352AB22D7C576005198B8 /* AuthViewController.storyboard in Resources */ = {isa = PBXBuildFile; fileRef = F1C352A522D7C576005198B8 /* AuthViewController.storyboard */; };
		F1C352AC22D7C576005198B8 /* AuthViewController.swift in Sources */ = {isa = PBXBuildFile; fileRef = F1C352A622D7C576005198B8 /* AuthViewController.swift */; };
		F1C352AD22D7C576005198B8 /* AuthInteractor.swift in Sources */ = {isa = PBXBuildFile; fileRef = F1C352A722D7C576005198B8 /* AuthInteractor.swift */; };
		F1C352AE22D7C576005198B8 /* AuthWireframe.swift in Sources */ = {isa = PBXBuildFile; fileRef = F1C352A822D7C576005198B8 /* AuthWireframe.swift */; };
		F1C352B122D7C5BF005198B8 /* UIStoryboard+DependencyInjection.swift in Sources */ = {isa = PBXBuildFile; fileRef = F1C352B022D7C5BF005198B8 /* UIStoryboard+DependencyInjection.swift */; };
		F1C352B422D7C627005198B8 /* NetworkGateway.swift in Sources */ = {isa = PBXBuildFile; fileRef = F1C352B322D7C627005198B8 /* NetworkGateway.swift */; };
		F1FAD9D022E03664000A699C /* AccountsPresenter.swift in Sources */ = {isa = PBXBuildFile; fileRef = F1FAD9CA22E03664000A699C /* AccountsPresenter.swift */; };
		F1FAD9D122E03664000A699C /* AccountsViewController.storyboard in Resources */ = {isa = PBXBuildFile; fileRef = F1FAD9CB22E03664000A699C /* AccountsViewController.storyboard */; };
		F1FAD9D222E03664000A699C /* AccountsViewController.swift in Sources */ = {isa = PBXBuildFile; fileRef = F1FAD9CC22E03664000A699C /* AccountsViewController.swift */; };
		F1FAD9D322E03664000A699C /* AccountsInteractor.swift in Sources */ = {isa = PBXBuildFile; fileRef = F1FAD9CD22E03664000A699C /* AccountsInteractor.swift */; };
		F1FAD9D422E03664000A699C /* AccountsAccessing.swift in Sources */ = {isa = PBXBuildFile; fileRef = F1FAD9CE22E03664000A699C /* AccountsAccessing.swift */; };
		F1FAD9D522E03664000A699C /* AccountsWireframe.swift in Sources */ = {isa = PBXBuildFile; fileRef = F1FAD9CF22E03664000A699C /* AccountsWireframe.swift */; };
		F5AE7FD959054473A6E77FEF /* Pods_Collections.framework in Frameworks */ = {isa = PBXBuildFile; fileRef = 0AE8A8759EAE4A3C6E7682C8 /* Pods_Collections.framework */; };
/* End PBXBuildFile section */

/* Begin PBXContainerItemProxy section */
		F151E85E22EC060400D16EF7 /* PBXContainerItemProxy */ = {
			isa = PBXContainerItemProxy;
			containerPortal = F14F4D2922D7B4AE00F83D60 /* Project object */;
			proxyType = 1;
			remoteGlobalIDString = F151E85322EC060400D16EF7;
			remoteInfo = CollectionsKit;
		};
		F151E86022EC060400D16EF7 /* PBXContainerItemProxy */ = {
			isa = PBXContainerItemProxy;
			containerPortal = F14F4D2922D7B4AE00F83D60 /* Project object */;
			proxyType = 1;
			remoteGlobalIDString = F14F4D3022D7B4AF00F83D60;
			remoteInfo = Collections;
		};
		F151E86722EC060400D16EF7 /* PBXContainerItemProxy */ = {
			isa = PBXContainerItemProxy;
			containerPortal = F14F4D2922D7B4AE00F83D60 /* Project object */;
			proxyType = 1;
			remoteGlobalIDString = F151E85322EC060400D16EF7;
			remoteInfo = CollectionsKit;
		};
		F18FBA9A22EA2D27001C0C42 /* PBXContainerItemProxy */ = {
			isa = PBXContainerItemProxy;
			containerPortal = F14F4D2922D7B4AE00F83D60 /* Project object */;
			proxyType = 1;
			remoteGlobalIDString = F18FBA8F22EA2D27001C0C42;
			remoteInfo = "Save Account";
		};
/* End PBXContainerItemProxy section */

/* Begin PBXCopyFilesBuildPhase section */
		F18FBAA022EA2D27001C0C42 /* Embed App Extensions */ = {
			isa = PBXCopyFilesBuildPhase;
			buildActionMask = 2147483647;
			dstPath = "";
			dstSubfolderSpec = 13;
			files = (
				F18FBA9C22EA2D27001C0C42 /* Save Account.appex in Embed App Extensions */,
			);
			name = "Embed App Extensions";
			runOnlyForDeploymentPostprocessing = 0;
		};
		F18FBB1122EA6746001C0C42 /* Embed Frameworks */ = {
			isa = PBXCopyFilesBuildPhase;
			buildActionMask = 2147483647;
			dstPath = "";
			dstSubfolderSpec = 10;
			files = (
				F151E86A22EC060400D16EF7 /* CollectionsKit.framework in Embed Frameworks */,
			);
			name = "Embed Frameworks";
			runOnlyForDeploymentPostprocessing = 0;
		};
/* End PBXCopyFilesBuildPhase section */

/* Begin PBXFileReference section */
		0AE8A8759EAE4A3C6E7682C8 /* Pods_Collections.framework */ = {isa = PBXFileReference; explicitFileType = wrapper.framework; includeInIndex = 0; path = Pods_Collections.framework; sourceTree = BUILT_PRODUCTS_DIR; };
		798312D1549DF3CE86AD2D8F /* Pods-Save Account.release.xcconfig */ = {isa = PBXFileReference; includeInIndex = 1; lastKnownFileType = text.xcconfig; name = "Pods-Save Account.release.xcconfig"; path = "Target Support Files/Pods-Save Account/Pods-Save Account.release.xcconfig"; sourceTree = "<group>"; };
		7E5DA0F4746C524F10AA234C /* Pods-Save Account.debug.xcconfig */ = {isa = PBXFileReference; includeInIndex = 1; lastKnownFileType = text.xcconfig; name = "Pods-Save Account.debug.xcconfig"; path = "Target Support Files/Pods-Save Account/Pods-Save Account.debug.xcconfig"; sourceTree = "<group>"; };
		8F6BE6224DE0CEF56B83B357 /* Pods-Collections.debug.xcconfig */ = {isa = PBXFileReference; includeInIndex = 1; lastKnownFileType = text.xcconfig; name = "Pods-Collections.debug.xcconfig"; path = "Target Support Files/Pods-Collections/Pods-Collections.debug.xcconfig"; sourceTree = "<group>"; };
		A2332E7C8BD873927E4C525E /* Pods-Collections.release.xcconfig */ = {isa = PBXFileReference; includeInIndex = 1; lastKnownFileType = text.xcconfig; name = "Pods-Collections.release.xcconfig"; path = "Target Support Files/Pods-Collections/Pods-Collections.release.xcconfig"; sourceTree = "<group>"; };
		DBCC26FE7BDC1E652BD98323 /* Pods_Save_Account.framework */ = {isa = PBXFileReference; explicitFileType = wrapper.framework; includeInIndex = 0; path = Pods_Save_Account.framework; sourceTree = BUILT_PRODUCTS_DIR; };
		F1369F8922D815E6000EB574 /* HomeCoordinator.swift */ = {isa = PBXFileReference; lastKnownFileType = sourcecode.swift; path = HomeCoordinator.swift; sourceTree = "<group>"; };
		F1369F8B22D818C8000EB574 /* GoogleService-Info.plist */ = {isa = PBXFileReference; fileEncoding = 4; lastKnownFileType = text.plist.xml; path = "GoogleService-Info.plist"; sourceTree = "<group>"; };
		F1457EF422DDA2C200EBD322 /* GridLayout.swift */ = {isa = PBXFileReference; lastKnownFileType = sourcecode.swift; path = GridLayout.swift; sourceTree = "<group>"; };
		F1457EF622DDA31800EBD322 /* PostsCell.swift */ = {isa = PBXFileReference; lastKnownFileType = sourcecode.swift; path = PostsCell.swift; sourceTree = "<group>"; };
		F1457EF722DDA31800EBD322 /* PostsCell.xib */ = {isa = PBXFileReference; lastKnownFileType = file.xib; path = PostsCell.xib; sourceTree = "<group>"; };
		F1457EFA22DDA34500EBD322 /* Reusable.swift */ = {isa = PBXFileReference; lastKnownFileType = sourcecode.swift; path = Reusable.swift; sourceTree = "<group>"; };
		F1457EFD22DDA36100EBD322 /* Post.swift */ = {isa = PBXFileReference; lastKnownFileType = sourcecode.swift; path = Post.swift; sourceTree = "<group>"; };
		F14F4D3122D7B4AF00F83D60 /* Collections.app */ = {isa = PBXFileReference; explicitFileType = wrapper.application; includeInIndex = 0; path = Collections.app; sourceTree = BUILT_PRODUCTS_DIR; };
		F14F4D3422D7B4AF00F83D60 /* AppDelegate.swift */ = {isa = PBXFileReference; lastKnownFileType = sourcecode.swift; path = AppDelegate.swift; sourceTree = "<group>"; };
		F14F4D3B22D7B4B100F83D60 /* Assets.xcassets */ = {isa = PBXFileReference; lastKnownFileType = folder.assetcatalog; path = Assets.xcassets; sourceTree = "<group>"; };
		F14F4D4022D7B4B100F83D60 /* Info.plist */ = {isa = PBXFileReference; lastKnownFileType = text.plist.xml; path = Info.plist; sourceTree = "<group>"; };
		F14F4D4622D7C06400F83D60 /* Logger.swift */ = {isa = PBXFileReference; lastKnownFileType = sourcecode.swift; path = Logger.swift; sourceTree = "<group>"; };
		F14F4D4922D7C14100F83D60 /* AppCoordinator.swift */ = {isa = PBXFileReference; lastKnownFileType = sourcecode.swift; path = AppCoordinator.swift; sourceTree = "<group>"; };
		F14F4D4C22D7C21700F83D60 /* Coordinating.swift */ = {isa = PBXFileReference; lastKnownFileType = sourcecode.swift; path = Coordinating.swift; sourceTree = "<group>"; };
		F14F4D4E22D7C26900F83D60 /* AuthCoordinator.swift */ = {isa = PBXFileReference; lastKnownFileType = sourcecode.swift; path = AuthCoordinator.swift; sourceTree = "<group>"; };
		F14F4D5222D7C39D00F83D60 /* Base */ = {isa = PBXFileReference; lastKnownFileType = file.storyboard; name = Base; path = LaunchScreen.storyboard; sourceTree = "<group>"; };
		F151E84222EA821600D16EF7 /* InstagramEmbedded.swift */ = {isa = PBXFileReference; lastKnownFileType = sourcecode.swift; path = InstagramEmbedded.swift; sourceTree = "<group>"; };
		F151E84422EA87B600D16EF7 /* GoogleService-Info.plist */ = {isa = PBXFileReference; fileEncoding = 4; lastKnownFileType = text.plist.xml; path = "GoogleService-Info.plist"; sourceTree = "<group>"; };
		F151E84622EA896E00D16EF7 /* Save Account.entitlements */ = {isa = PBXFileReference; lastKnownFileType = text.plist.entitlements; path = "Save Account.entitlements"; sourceTree = "<group>"; };
		F151E84722EACE9600D16EF7 /* StoreKit.framework */ = {isa = PBXFileReference; lastKnownFileType = wrapper.framework; name = StoreKit.framework; path = System/Library/Frameworks/StoreKit.framework; sourceTree = SDKROOT; };
		F151E84922EBDEE200D16EF7 /* SearchCoordinator.swift */ = {isa = PBXFileReference; lastKnownFileType = sourcecode.swift; path = SearchCoordinator.swift; sourceTree = "<group>"; };
		F151E84B22EBE1F700D16EF7 /* AccountsCoordinator.swift */ = {isa = PBXFileReference; lastKnownFileType = sourcecode.swift; path = AccountsCoordinator.swift; sourceTree = "<group>"; };
		F151E84D22EBE72600D16EF7 /* UITabBarController+LoadControllers.swift */ = {isa = PBXFileReference; lastKnownFileType = sourcecode.swift; path = "UITabBarController+LoadControllers.swift"; sourceTree = "<group>"; };
		F151E85422EC060400D16EF7 /* CollectionsKit.framework */ = {isa = PBXFileReference; explicitFileType = wrapper.framework; includeInIndex = 0; path = CollectionsKit.framework; sourceTree = BUILT_PRODUCTS_DIR; };
		F151E85622EC060400D16EF7 /* CollectionsKit.h */ = {isa = PBXFileReference; lastKnownFileType = sourcecode.c.h; path = CollectionsKit.h; sourceTree = "<group>"; };
		F151E85722EC060400D16EF7 /* Info.plist */ = {isa = PBXFileReference; lastKnownFileType = text.plist.xml; path = Info.plist; sourceTree = "<group>"; };
		F151E85C22EC060400D16EF7 /* CollectionsKitTests.xctest */ = {isa = PBXFileReference; explicitFileType = wrapper.cfbundle; includeInIndex = 0; path = CollectionsKitTests.xctest; sourceTree = BUILT_PRODUCTS_DIR; };
		F151E86322EC060400D16EF7 /* CollectionsKitTests.swift */ = {isa = PBXFileReference; lastKnownFileType = sourcecode.swift; path = CollectionsKitTests.swift; sourceTree = "<group>"; };
		F151E86522EC060400D16EF7 /* Info.plist */ = {isa = PBXFileReference; lastKnownFileType = text.plist.xml; path = Info.plist; sourceTree = "<group>"; };
		F151E87122EC066B00D16EF7 /* Modellable.swift */ = {isa = PBXFileReference; lastKnownFileType = sourcecode.swift; path = Modellable.swift; sourceTree = "<group>"; };
		F151E87422EC06B700D16EF7 /* Account.swift */ = {isa = PBXFileReference; lastKnownFileType = sourcecode.swift; path = Account.swift; sourceTree = "<group>"; };
		F151E87822EC0B7400D16EF7 /* Collection+Modellable.swift */ = {isa = PBXFileReference; lastKnownFileType = sourcecode.swift; path = "Collection+Modellable.swift"; sourceTree = "<group>"; };
		F1578E7122E2EFFC0023C704 /* AccountsCell.swift */ = {isa = PBXFileReference; lastKnownFileType = sourcecode.swift; path = AccountsCell.swift; sourceTree = "<group>"; };
		F1578E7222E2EFFC0023C704 /* AccountsCell.xib */ = {isa = PBXFileReference; lastKnownFileType = file.xib; path = AccountsCell.xib; sourceTree = "<group>"; };
		F18FBA9022EA2D27001C0C42 /* Save Account.appex */ = {isa = PBXFileReference; explicitFileType = "wrapper.app-extension"; includeInIndex = 0; path = "Save Account.appex"; sourceTree = BUILT_PRODUCTS_DIR; };
		F18FBA9222EA2D27001C0C42 /* Media.xcassets */ = {isa = PBXFileReference; lastKnownFileType = folder.assetcatalog; path = Media.xcassets; sourceTree = "<group>"; };
		F18FBA9422EA2D27001C0C42 /* SaveAccountViewController.swift */ = {isa = PBXFileReference; lastKnownFileType = sourcecode.swift; path = SaveAccountViewController.swift; sourceTree = "<group>"; };
		F18FBA9922EA2D27001C0C42 /* Info.plist */ = {isa = PBXFileReference; lastKnownFileType = text.plist.xml; path = Info.plist; sourceTree = "<group>"; };
		F1944A7422DA939300C54C03 /* Collections.entitlements */ = {isa = PBXFileReference; lastKnownFileType = text.plist.entitlements; path = Collections.entitlements; sourceTree = "<group>"; };
		F19581F522DC3151005C0DD1 /* UserDefaultsKey.swift */ = {isa = PBXFileReference; lastKnownFileType = sourcecode.swift; path = UserDefaultsKey.swift; sourceTree = "<group>"; };
		F19581F722DC3393005C0DD1 /* AppDelegateAccessing.swift */ = {isa = PBXFileReference; lastKnownFileType = sourcecode.swift; path = AppDelegateAccessing.swift; sourceTree = "<group>"; };
		F19581F922DC36BA005C0DD1 /* DeepLinkHandler.swift */ = {isa = PBXFileReference; lastKnownFileType = sourcecode.swift; path = DeepLinkHandler.swift; sourceTree = "<group>"; };
		F1AEF6EC22EA7A8A00BBD6B4 /* SaveAccountViewController.storyboard */ = {isa = PBXFileReference; lastKnownFileType = file.storyboard; path = SaveAccountViewController.storyboard; sourceTree = "<group>"; };
		F1AEF6EF22EA7A8A00BBD6B4 /* SaveAccountAccessing.swift */ = {isa = PBXFileReference; lastKnownFileType = sourcecode.swift; path = SaveAccountAccessing.swift; sourceTree = "<group>"; };
		F1AEF6F922EA7B5800BBD6B4 /* NetworkGateway.swift */ = {isa = PBXFileReference; lastKnownFileType = sourcecode.swift; path = NetworkGateway.swift; sourceTree = "<group>"; };
		F1BF8D8222DD65EE004B76F4 /* SearchPresenter.swift */ = {isa = PBXFileReference; lastKnownFileType = sourcecode.swift; path = SearchPresenter.swift; sourceTree = "<group>"; };
		F1BF8D8322DD65EE004B76F4 /* SearchAccessing.swift */ = {isa = PBXFileReference; lastKnownFileType = sourcecode.swift; path = SearchAccessing.swift; sourceTree = "<group>"; };
		F1BF8D8422DD65EE004B76F4 /* SearchViewController.storyboard */ = {isa = PBXFileReference; lastKnownFileType = file.storyboard; path = SearchViewController.storyboard; sourceTree = "<group>"; };
		F1BF8D8522DD65EE004B76F4 /* SearchViewController.swift */ = {isa = PBXFileReference; lastKnownFileType = sourcecode.swift; path = SearchViewController.swift; sourceTree = "<group>"; };
		F1BF8D8622DD65EE004B76F4 /* SearchInteractor.swift */ = {isa = PBXFileReference; lastKnownFileType = sourcecode.swift; path = SearchInteractor.swift; sourceTree = "<group>"; };
		F1BF8D8722DD65EE004B76F4 /* SearchWireframe.swift */ = {isa = PBXFileReference; lastKnownFileType = sourcecode.swift; path = SearchWireframe.swift; sourceTree = "<group>"; };
		F1C1EB0822E6BE47002A717A /* PostDetailPresenter.swift */ = {isa = PBXFileReference; lastKnownFileType = sourcecode.swift; path = PostDetailPresenter.swift; sourceTree = "<group>"; };
		F1C1EB0922E6BE47002A717A /* PostDetailViewController.storyboard */ = {isa = PBXFileReference; lastKnownFileType = file.storyboard; path = PostDetailViewController.storyboard; sourceTree = "<group>"; };
		F1C1EB0A22E6BE47002A717A /* PostDetailViewController.swift */ = {isa = PBXFileReference; lastKnownFileType = sourcecode.swift; path = PostDetailViewController.swift; sourceTree = "<group>"; };
		F1C1EB0B22E6BE47002A717A /* PostDetailInteractor.swift */ = {isa = PBXFileReference; lastKnownFileType = sourcecode.swift; path = PostDetailInteractor.swift; sourceTree = "<group>"; };
		F1C1EB0C22E6BE48002A717A /* PostDetailAccessing.swift */ = {isa = PBXFileReference; lastKnownFileType = sourcecode.swift; path = PostDetailAccessing.swift; sourceTree = "<group>"; };
		F1C1EB0D22E6BE48002A717A /* PostDetailWireframe.swift */ = {isa = PBXFileReference; lastKnownFileType = sourcecode.swift; path = PostDetailWireframe.swift; sourceTree = "<group>"; };
		F1C352A322D7C576005198B8 /* AuthPresenter.swift */ = {isa = PBXFileReference; lastKnownFileType = sourcecode.swift; path = AuthPresenter.swift; sourceTree = "<group>"; };
		F1C352A422D7C576005198B8 /* AuthAccessing.swift */ = {isa = PBXFileReference; lastKnownFileType = sourcecode.swift; path = AuthAccessing.swift; sourceTree = "<group>"; };
		F1C352A522D7C576005198B8 /* AuthViewController.storyboard */ = {isa = PBXFileReference; lastKnownFileType = file.storyboard; path = AuthViewController.storyboard; sourceTree = "<group>"; };
		F1C352A622D7C576005198B8 /* AuthViewController.swift */ = {isa = PBXFileReference; lastKnownFileType = sourcecode.swift; path = AuthViewController.swift; sourceTree = "<group>"; };
		F1C352A722D7C576005198B8 /* AuthInteractor.swift */ = {isa = PBXFileReference; lastKnownFileType = sourcecode.swift; path = AuthInteractor.swift; sourceTree = "<group>"; };
		F1C352A822D7C576005198B8 /* AuthWireframe.swift */ = {isa = PBXFileReference; lastKnownFileType = sourcecode.swift; path = AuthWireframe.swift; sourceTree = "<group>"; };
		F1C352B022D7C5BF005198B8 /* UIStoryboard+DependencyInjection.swift */ = {isa = PBXFileReference; lastKnownFileType = sourcecode.swift; path = "UIStoryboard+DependencyInjection.swift"; sourceTree = "<group>"; };
		F1C352B322D7C627005198B8 /* NetworkGateway.swift */ = {isa = PBXFileReference; lastKnownFileType = sourcecode.swift; path = NetworkGateway.swift; sourceTree = "<group>"; };
		F1FAD9CA22E03664000A699C /* AccountsPresenter.swift */ = {isa = PBXFileReference; lastKnownFileType = sourcecode.swift; path = AccountsPresenter.swift; sourceTree = "<group>"; };
		F1FAD9CB22E03664000A699C /* AccountsViewController.storyboard */ = {isa = PBXFileReference; lastKnownFileType = file.storyboard; path = AccountsViewController.storyboard; sourceTree = "<group>"; };
		F1FAD9CC22E03664000A699C /* AccountsViewController.swift */ = {isa = PBXFileReference; lastKnownFileType = sourcecode.swift; path = AccountsViewController.swift; sourceTree = "<group>"; };
		F1FAD9CD22E03664000A699C /* AccountsInteractor.swift */ = {isa = PBXFileReference; lastKnownFileType = sourcecode.swift; path = AccountsInteractor.swift; sourceTree = "<group>"; };
		F1FAD9CE22E03664000A699C /* AccountsAccessing.swift */ = {isa = PBXFileReference; lastKnownFileType = sourcecode.swift; path = AccountsAccessing.swift; sourceTree = "<group>"; };
		F1FAD9CF22E03664000A699C /* AccountsWireframe.swift */ = {isa = PBXFileReference; lastKnownFileType = sourcecode.swift; path = AccountsWireframe.swift; sourceTree = "<group>"; };
/* End PBXFileReference section */

/* Begin PBXFrameworksBuildPhase section */
		F14F4D2E22D7B4AF00F83D60 /* Frameworks */ = {
			isa = PBXFrameworksBuildPhase;
			buildActionMask = 2147483647;
			files = (
				F151E84822EACE9600D16EF7 /* StoreKit.framework in Frameworks */,
				DE688439E3CDD5DFE6C51CC3 /* (null) in Frameworks */,
				F5AE7FD959054473A6E77FEF /* Pods_Collections.framework in Frameworks */,
				F151E86922EC060400D16EF7 /* CollectionsKit.framework in Frameworks */,
			);
			runOnlyForDeploymentPostprocessing = 0;
		};
		F151E85122EC060400D16EF7 /* Frameworks */ = {
			isa = PBXFrameworksBuildPhase;
			buildActionMask = 2147483647;
			files = (
			);
			runOnlyForDeploymentPostprocessing = 0;
		};
		F151E85922EC060400D16EF7 /* Frameworks */ = {
			isa = PBXFrameworksBuildPhase;
			buildActionMask = 2147483647;
			files = (
				F151E85D22EC060400D16EF7 /* CollectionsKit.framework in Frameworks */,
			);
			runOnlyForDeploymentPostprocessing = 0;
		};
		F18FBA8D22EA2D27001C0C42 /* Frameworks */ = {
			isa = PBXFrameworksBuildPhase;
			buildActionMask = 2147483647;
			files = (
				275E5A8E6156963DADC33ED5 /* Pods_Save_Account.framework in Frameworks */,
			);
			runOnlyForDeploymentPostprocessing = 0;
		};
/* End PBXFrameworksBuildPhase section */

/* Begin PBXGroup section */
		49744BA1A3892E7510876273 /* Frameworks */ = {
			isa = PBXGroup;
			children = (
				F151E84722EACE9600D16EF7 /* StoreKit.framework */,
				DBCC26FE7BDC1E652BD98323 /* Pods_Save_Account.framework */,
				0AE8A8759EAE4A3C6E7682C8 /* Pods_Collections.framework */,
			);
			name = Frameworks;
			sourceTree = "<group>";
		};
		72C1FFFD31C8F6D3349DAE6D /* Pods */ = {
			isa = PBXGroup;
			children = (
				8F6BE6224DE0CEF56B83B357 /* Pods-Collections.debug.xcconfig */,
				A2332E7C8BD873927E4C525E /* Pods-Collections.release.xcconfig */,
				7E5DA0F4746C524F10AA234C /* Pods-Save Account.debug.xcconfig */,
				798312D1549DF3CE86AD2D8F /* Pods-Save Account.release.xcconfig */,
			);
			path = Pods;
			sourceTree = "<group>";
		};
		F12A0AB422DC30D100CC9031 /* Enums */ = {
			isa = PBXGroup;
			children = (
				F19581F522DC3151005C0DD1 /* UserDefaultsKey.swift */,
			);
			path = Enums;
			sourceTree = "<group>";
		};
		F1457EF322DDA2A000EBD322 /* UIElements */ = {
			isa = PBXGroup;
			children = (
				F1578E7122E2EFFC0023C704 /* AccountsCell.swift */,
				F1578E7222E2EFFC0023C704 /* AccountsCell.xib */,
				F1457EF422DDA2C200EBD322 /* GridLayout.swift */,
				F1457EF622DDA31800EBD322 /* PostsCell.swift */,
				F1457EF722DDA31800EBD322 /* PostsCell.xib */,
			);
			path = UIElements;
			sourceTree = "<group>";
		};
		F1457EFC22DDA35500EBD322 /* Models */ = {
			isa = PBXGroup;
			children = (
				F1457EFD22DDA36100EBD322 /* Post.swift */,
			);
			path = Models;
			sourceTree = "<group>";
		};
		F14F4D2822D7B4AE00F83D60 = {
			isa = PBXGroup;
			children = (
				F14F4D3322D7B4AF00F83D60 /* Collections */,
				F18FBA9122EA2D27001C0C42 /* Save Account */,
				F151E85522EC060400D16EF7 /* CollectionsKit */,
				F151E86222EC060400D16EF7 /* CollectionsKitTests */,
				F14F4D3222D7B4AF00F83D60 /* Products */,
				72C1FFFD31C8F6D3349DAE6D /* Pods */,
				49744BA1A3892E7510876273 /* Frameworks */,
			);
			sourceTree = "<group>";
		};
		F14F4D3222D7B4AF00F83D60 /* Products */ = {
			isa = PBXGroup;
			children = (
				F14F4D3122D7B4AF00F83D60 /* Collections.app */,
				F18FBA9022EA2D27001C0C42 /* Save Account.appex */,
				F151E85422EC060400D16EF7 /* CollectionsKit.framework */,
				F151E85C22EC060400D16EF7 /* CollectionsKitTests.xctest */,
			);
			name = Products;
			sourceTree = "<group>";
		};
		F14F4D3322D7B4AF00F83D60 /* Collections */ = {
			isa = PBXGroup;
			children = (
				F1944A7422DA939300C54C03 /* Collections.entitlements */,
				F1369F8B22D818C8000EB574 /* GoogleService-Info.plist */,
				F14F4D4022D7B4B100F83D60 /* Info.plist */,
				F14F4D3422D7B4AF00F83D60 /* AppDelegate.swift */,
				F14F4D4622D7C06400F83D60 /* Logger.swift */,
				F14F4D3B22D7B4B100F83D60 /* Assets.xcassets */,
				F14F4D5022D7C38F00F83D60 /* Base.lproj */,
				F14F4D4822D7C12C00F83D60 /* Coordinators */,
				F12A0AB422DC30D100CC9031 /* Enums */,
				F1C352AF22D7C594005198B8 /* Extensions */,
				F1457EFC22DDA35500EBD322 /* Models */,
				F14F4D5422D7C48500F83D60 /* Modules */,
				F1C352B222D7C615005198B8 /* Networking */,
				F14F4D4B22D7C20400F83D60 /* Protocols */,
				F1457EF322DDA2A000EBD322 /* UIElements */,
			);
			path = Collections;
			sourceTree = "<group>";
		};
		F14F4D4822D7C12C00F83D60 /* Coordinators */ = {
			isa = PBXGroup;
			children = (
				F151E84B22EBE1F700D16EF7 /* AccountsCoordinator.swift */,
				F14F4D4922D7C14100F83D60 /* AppCoordinator.swift */,
				F14F4D4E22D7C26900F83D60 /* AuthCoordinator.swift */,
				F1369F8922D815E6000EB574 /* HomeCoordinator.swift */,
				F151E84922EBDEE200D16EF7 /* SearchCoordinator.swift */,
			);
			path = Coordinators;
			sourceTree = "<group>";
		};
		F14F4D4B22D7C20400F83D60 /* Protocols */ = {
			isa = PBXGroup;
			children = (
				F14F4D4C22D7C21700F83D60 /* Coordinating.swift */,
				F1457EFA22DDA34500EBD322 /* Reusable.swift */,
			);
			path = Protocols;
			sourceTree = "<group>";
		};
		F14F4D5022D7C38F00F83D60 /* Base.lproj */ = {
			isa = PBXGroup;
			children = (
				F14F4D5122D7C39D00F83D60 /* LaunchScreen.storyboard */,
			);
			path = Base.lproj;
			sourceTree = "<group>";
		};
		F14F4D5422D7C48500F83D60 /* Modules */ = {
			isa = PBXGroup;
			children = (
				F1FAD9C922E03656000A699C /* Accounts */,
				F14F4D5522D7C49A00F83D60 /* Auth */,
				F1C1EB0722E6BE33002A717A /* PostDetail */,
				F1BF8D8122DD65DE004B76F4 /* Search */,
			);
			path = Modules;
			sourceTree = "<group>";
		};
		F14F4D5522D7C49A00F83D60 /* Auth */ = {
			isa = PBXGroup;
			children = (
				F1C352A422D7C576005198B8 /* AuthAccessing.swift */,
				F1C352A722D7C576005198B8 /* AuthInteractor.swift */,
				F1C352A322D7C576005198B8 /* AuthPresenter.swift */,
				F1C352A522D7C576005198B8 /* AuthViewController.storyboard */,
				F1C352A622D7C576005198B8 /* AuthViewController.swift */,
				F1C352A822D7C576005198B8 /* AuthWireframe.swift */,
			);
			path = Auth;
			sourceTree = "<group>";
		};
		F151E85522EC060400D16EF7 /* CollectionsKit */ = {
			isa = PBXGroup;
			children = (
				F151E85622EC060400D16EF7 /* CollectionsKit.h */,
				F151E85722EC060400D16EF7 /* Info.plist */,
				F151E87722EC0B6400D16EF7 /* Extensions */,
				F151E87322EC06AF00D16EF7 /* Models */,
				F151E87622EC071500D16EF7 /* Protocols */,
			);
			path = CollectionsKit;
			sourceTree = "<group>";
		};
		F151E86222EC060400D16EF7 /* CollectionsKitTests */ = {
			isa = PBXGroup;
			children = (
				F151E86322EC060400D16EF7 /* CollectionsKitTests.swift */,
				F151E86522EC060400D16EF7 /* Info.plist */,
			);
			path = CollectionsKitTests;
			sourceTree = "<group>";
		};
		F151E87322EC06AF00D16EF7 /* Models */ = {
			isa = PBXGroup;
			children = (
				F151E87422EC06B700D16EF7 /* Account.swift */,
			);
			path = Models;
			sourceTree = "<group>";
		};
		F151E87622EC071500D16EF7 /* Protocols */ = {
			isa = PBXGroup;
			children = (
				F151E87122EC066B00D16EF7 /* Modellable.swift */,
			);
			path = Protocols;
			sourceTree = "<group>";
		};
		F151E87722EC0B6400D16EF7 /* Extensions */ = {
			isa = PBXGroup;
			children = (
				F151E87822EC0B7400D16EF7 /* Collection+Modellable.swift */,
			);
			path = Extensions;
			sourceTree = "<group>";
		};
		F18FBA9122EA2D27001C0C42 /* Save Account */ = {
			isa = PBXGroup;
			children = (
				F151E84622EA896E00D16EF7 /* Save Account.entitlements */,
				F151E84422EA87B600D16EF7 /* GoogleService-Info.plist */,
				F18FBA9922EA2D27001C0C42 /* Info.plist */,
				F1AEF6EC22EA7A8A00BBD6B4 /* SaveAccountViewController.storyboard */,
				F151E84222EA821600D16EF7 /* InstagramEmbedded.swift */,
				F1AEF6F922EA7B5800BBD6B4 /* NetworkGateway.swift */,
				F1AEF6EF22EA7A8A00BBD6B4 /* SaveAccountAccessing.swift */,
				F18FBA9422EA2D27001C0C42 /* SaveAccountViewController.swift */,
				F18FBA9222EA2D27001C0C42 /* Media.xcassets */,
			);
			path = "Save Account";
			sourceTree = "<group>";
		};
		F1BF8D8122DD65DE004B76F4 /* Search */ = {
			isa = PBXGroup;
			children = (
				F1BF8D8322DD65EE004B76F4 /* SearchAccessing.swift */,
				F1BF8D8622DD65EE004B76F4 /* SearchInteractor.swift */,
				F1BF8D8222DD65EE004B76F4 /* SearchPresenter.swift */,
				F1BF8D8422DD65EE004B76F4 /* SearchViewController.storyboard */,
				F1BF8D8522DD65EE004B76F4 /* SearchViewController.swift */,
				F1BF8D8722DD65EE004B76F4 /* SearchWireframe.swift */,
			);
			path = Search;
			sourceTree = "<group>";
		};
		F1C1EB0722E6BE33002A717A /* PostDetail */ = {
			isa = PBXGroup;
			children = (
				F1C1EB0C22E6BE48002A717A /* PostDetailAccessing.swift */,
				F1C1EB0B22E6BE47002A717A /* PostDetailInteractor.swift */,
				F1C1EB0822E6BE47002A717A /* PostDetailPresenter.swift */,
				F1C1EB0922E6BE47002A717A /* PostDetailViewController.storyboard */,
				F1C1EB0A22E6BE47002A717A /* PostDetailViewController.swift */,
				F1C1EB0D22E6BE48002A717A /* PostDetailWireframe.swift */,
			);
			path = PostDetail;
			sourceTree = "<group>";
		};
		F1C352AF22D7C594005198B8 /* Extensions */ = {
			isa = PBXGroup;
			children = (
				F1C352B022D7C5BF005198B8 /* UIStoryboard+DependencyInjection.swift */,
				F151E84D22EBE72600D16EF7 /* UITabBarController+LoadControllers.swift */,
			);
			path = Extensions;
			sourceTree = "<group>";
		};
		F1C352B222D7C615005198B8 /* Networking */ = {
			isa = PBXGroup;
			children = (
				F19581F722DC3393005C0DD1 /* AppDelegateAccessing.swift */,
				F19581F922DC36BA005C0DD1 /* DeepLinkHandler.swift */,
				F1C352B322D7C627005198B8 /* NetworkGateway.swift */,
			);
			path = Networking;
			sourceTree = "<group>";
		};
		F1FAD9C922E03656000A699C /* Accounts */ = {
			isa = PBXGroup;
			children = (
				F1FAD9CE22E03664000A699C /* AccountsAccessing.swift */,
				F1FAD9CD22E03664000A699C /* AccountsInteractor.swift */,
				F1FAD9CA22E03664000A699C /* AccountsPresenter.swift */,
				F1FAD9CB22E03664000A699C /* AccountsViewController.storyboard */,
				F1FAD9CC22E03664000A699C /* AccountsViewController.swift */,
				F1FAD9CF22E03664000A699C /* AccountsWireframe.swift */,
			);
			path = Accounts;
			sourceTree = "<group>";
		};
/* End PBXGroup section */

/* Begin PBXHeadersBuildPhase section */
		F151E84F22EC060400D16EF7 /* Headers */ = {
			isa = PBXHeadersBuildPhase;
			buildActionMask = 2147483647;
			files = (
				F151E86622EC060400D16EF7 /* CollectionsKit.h in Headers */,
			);
			runOnlyForDeploymentPostprocessing = 0;
		};
/* End PBXHeadersBuildPhase section */

/* Begin PBXNativeTarget section */
		F14F4D3022D7B4AF00F83D60 /* Collections */ = {
			isa = PBXNativeTarget;
			buildConfigurationList = F14F4D4322D7B4B100F83D60 /* Build configuration list for PBXNativeTarget "Collections" */;
			buildPhases = (
				58ABA0E6CAFB6DD27B4C3488 /* [CP] Check Pods Manifest.lock */,
				F14F4D2D22D7B4AF00F83D60 /* Sources */,
				F14F4D2E22D7B4AF00F83D60 /* Frameworks */,
				F14F4D2F22D7B4AF00F83D60 /* Resources */,
				73CCB56F374474480FFC2F97 /* [CP] Embed Pods Frameworks */,
				F19581FB22DC4DED005C0DD1 /* SwiftLint Run Script */,
				F18FBAA022EA2D27001C0C42 /* Embed App Extensions */,
				F18FBB1122EA6746001C0C42 /* Embed Frameworks */,
			);
			buildRules = (
			);
			dependencies = (
				F18FBA9B22EA2D27001C0C42 /* PBXTargetDependency */,
				F151E86822EC060400D16EF7 /* PBXTargetDependency */,
			);
			name = Collections;
			productName = Collections;
			productReference = F14F4D3122D7B4AF00F83D60 /* Collections.app */;
			productType = "com.apple.product-type.application";
		};
		F151E85322EC060400D16EF7 /* CollectionsKit */ = {
			isa = PBXNativeTarget;
			buildConfigurationList = F151E86B22EC060400D16EF7 /* Build configuration list for PBXNativeTarget "CollectionsKit" */;
			buildPhases = (
				F151E84F22EC060400D16EF7 /* Headers */,
				F151E85022EC060400D16EF7 /* Sources */,
				F151E85122EC060400D16EF7 /* Frameworks */,
				F151E85222EC060400D16EF7 /* Resources */,
			);
			buildRules = (
			);
			dependencies = (
			);
			name = CollectionsKit;
			productName = CollectionsKit;
			productReference = F151E85422EC060400D16EF7 /* CollectionsKit.framework */;
			productType = "com.apple.product-type.framework";
		};
		F151E85B22EC060400D16EF7 /* CollectionsKitTests */ = {
			isa = PBXNativeTarget;
			buildConfigurationList = F151E86E22EC060400D16EF7 /* Build configuration list for PBXNativeTarget "CollectionsKitTests" */;
			buildPhases = (
				F151E85822EC060400D16EF7 /* Sources */,
				F151E85922EC060400D16EF7 /* Frameworks */,
				F151E85A22EC060400D16EF7 /* Resources */,
			);
			buildRules = (
			);
			dependencies = (
				F151E85F22EC060400D16EF7 /* PBXTargetDependency */,
				F151E86122EC060400D16EF7 /* PBXTargetDependency */,
			);
			name = CollectionsKitTests;
			productName = CollectionsKitTests;
			productReference = F151E85C22EC060400D16EF7 /* CollectionsKitTests.xctest */;
			productType = "com.apple.product-type.bundle.unit-test";
		};
		F18FBA8F22EA2D27001C0C42 /* Save Account */ = {
			isa = PBXNativeTarget;
			buildConfigurationList = F18FBA9F22EA2D27001C0C42 /* Build configuration list for PBXNativeTarget "Save Account" */;
			buildPhases = (
				2D4EDF40E2B097B366F859A9 /* [CP] Check Pods Manifest.lock */,
				F18FBA8C22EA2D27001C0C42 /* Sources */,
				F18FBA8D22EA2D27001C0C42 /* Frameworks */,
				F18FBA8E22EA2D27001C0C42 /* Resources */,
			);
			buildRules = (
			);
			dependencies = (
			);
			name = "Save Account";
			productName = "Save Account";
			productReference = F18FBA9022EA2D27001C0C42 /* Save Account.appex */;
			productType = "com.apple.product-type.app-extension";
		};
/* End PBXNativeTarget section */

/* Begin PBXProject section */
		F14F4D2922D7B4AE00F83D60 /* Project object */ = {
			isa = PBXProject;
			attributes = {
				LastSwiftUpdateCheck = 1030;
				LastUpgradeCheck = 1020;
				ORGANIZATIONNAME = "Bojan Stefanovic";
				TargetAttributes = {
					F14F4D3022D7B4AF00F83D60 = {
						CreatedOnToolsVersion = 10.2.1;
						SystemCapabilities = {
							com.apple.ApplicationGroups.iOS = {
								enabled = 1;
							};
							com.apple.InAppPurchase = {
								enabled = 1;
							};
							com.apple.Keychain = {
								enabled = 0;
							};
							com.apple.SafariKeychain = {
								enabled = 1;
							};
						};
					};
					F151E85322EC060400D16EF7 = {
						CreatedOnToolsVersion = 10.3;
						LastSwiftMigration = 1030;
					};
					F151E85B22EC060400D16EF7 = {
						CreatedOnToolsVersion = 10.3;
						TestTargetID = F14F4D3022D7B4AF00F83D60;
					};
					F18FBA8F22EA2D27001C0C42 = {
						CreatedOnToolsVersion = 10.3;
						SystemCapabilities = {
							com.apple.ApplicationGroups.iOS = {
								enabled = 1;
							};
							com.apple.Keychain = {
								enabled = 0;
							};
						};
					};
				};
			};
			buildConfigurationList = F14F4D2C22D7B4AE00F83D60 /* Build configuration list for PBXProject "Collections" */;
			compatibilityVersion = "Xcode 9.3";
			developmentRegion = en;
			hasScannedForEncodings = 0;
			knownRegions = (
				en,
				Base,
			);
			mainGroup = F14F4D2822D7B4AE00F83D60;
			productRefGroup = F14F4D3222D7B4AF00F83D60 /* Products */;
			projectDirPath = "";
			projectRoot = "";
			targets = (
				F14F4D3022D7B4AF00F83D60 /* Collections */,
				F18FBA8F22EA2D27001C0C42 /* Save Account */,
				F151E85322EC060400D16EF7 /* CollectionsKit */,
				F151E85B22EC060400D16EF7 /* CollectionsKitTests */,
			);
		};
/* End PBXProject section */

/* Begin PBXResourcesBuildPhase section */
		F14F4D2F22D7B4AF00F83D60 /* Resources */ = {
			isa = PBXResourcesBuildPhase;
			buildActionMask = 2147483647;
			files = (
				F14F4D3C22D7B4B100F83D60 /* Assets.xcassets in Resources */,
				F1578E7422E2EFFC0023C704 /* AccountsCell.xib in Resources */,
				F1369F8C22D818C8000EB574 /* GoogleService-Info.plist in Resources */,
				F1C352AB22D7C576005198B8 /* AuthViewController.storyboard in Resources */,
				F1C1EB0F22E6BE48002A717A /* PostDetailViewController.storyboard in Resources */,
				F1BF8D8A22DD65EE004B76F4 /* SearchViewController.storyboard in Resources */,
				F14F4D5322D7C39D00F83D60 /* LaunchScreen.storyboard in Resources */,
				F1FAD9D122E03664000A699C /* AccountsViewController.storyboard in Resources */,
				F1457EF922DDA31800EBD322 /* PostsCell.xib in Resources */,
			);
			runOnlyForDeploymentPostprocessing = 0;
		};
		F151E85222EC060400D16EF7 /* Resources */ = {
			isa = PBXResourcesBuildPhase;
			buildActionMask = 2147483647;
			files = (
			);
			runOnlyForDeploymentPostprocessing = 0;
		};
		F151E85A22EC060400D16EF7 /* Resources */ = {
			isa = PBXResourcesBuildPhase;
			buildActionMask = 2147483647;
			files = (
			);
			runOnlyForDeploymentPostprocessing = 0;
		};
		F18FBA8E22EA2D27001C0C42 /* Resources */ = {
			isa = PBXResourcesBuildPhase;
			buildActionMask = 2147483647;
			files = (
				F18FBA9322EA2D27001C0C42 /* Media.xcassets in Resources */,
				F1AEF6F222EA7A8A00BBD6B4 /* SaveAccountViewController.storyboard in Resources */,
				F151E84522EA87B600D16EF7 /* GoogleService-Info.plist in Resources */,
			);
			runOnlyForDeploymentPostprocessing = 0;
		};
/* End PBXResourcesBuildPhase section */

/* Begin PBXShellScriptBuildPhase section */
		2D4EDF40E2B097B366F859A9 /* [CP] Check Pods Manifest.lock */ = {
			isa = PBXShellScriptBuildPhase;
			buildActionMask = 2147483647;
			files = (
			);
			inputFileListPaths = (
			);
			inputPaths = (
				"${PODS_PODFILE_DIR_PATH}/Podfile.lock",
				"${PODS_ROOT}/Manifest.lock",
			);
			name = "[CP] Check Pods Manifest.lock";
			outputFileListPaths = (
			);
			outputPaths = (
				"$(DERIVED_FILE_DIR)/Pods-Save Account-checkManifestLockResult.txt",
			);
			runOnlyForDeploymentPostprocessing = 0;
			shellPath = /bin/sh;
			shellScript = "diff \"${PODS_PODFILE_DIR_PATH}/Podfile.lock\" \"${PODS_ROOT}/Manifest.lock\" > /dev/null\nif [ $? != 0 ] ; then\n    # print error to STDERR\n    echo \"error: The sandbox is not in sync with the Podfile.lock. Run 'pod install' or update your CocoaPods installation.\" >&2\n    exit 1\nfi\n# This output is used by Xcode 'outputs' to avoid re-running this script phase.\necho \"SUCCESS\" > \"${SCRIPT_OUTPUT_FILE_0}\"\n";
			showEnvVarsInLog = 0;
		};
		58ABA0E6CAFB6DD27B4C3488 /* [CP] Check Pods Manifest.lock */ = {
			isa = PBXShellScriptBuildPhase;
			buildActionMask = 2147483647;
			files = (
			);
			inputFileListPaths = (
			);
			inputPaths = (
				"${PODS_PODFILE_DIR_PATH}/Podfile.lock",
				"${PODS_ROOT}/Manifest.lock",
			);
			name = "[CP] Check Pods Manifest.lock";
			outputFileListPaths = (
			);
			outputPaths = (
				"$(DERIVED_FILE_DIR)/Pods-Collections-checkManifestLockResult.txt",
			);
			runOnlyForDeploymentPostprocessing = 0;
			shellPath = /bin/sh;
			shellScript = "diff \"${PODS_PODFILE_DIR_PATH}/Podfile.lock\" \"${PODS_ROOT}/Manifest.lock\" > /dev/null\nif [ $? != 0 ] ; then\n    # print error to STDERR\n    echo \"error: The sandbox is not in sync with the Podfile.lock. Run 'pod install' or update your CocoaPods installation.\" >&2\n    exit 1\nfi\n# This output is used by Xcode 'outputs' to avoid re-running this script phase.\necho \"SUCCESS\" > \"${SCRIPT_OUTPUT_FILE_0}\"\n";
			showEnvVarsInLog = 0;
		};
		73CCB56F374474480FFC2F97 /* [CP] Embed Pods Frameworks */ = {
			isa = PBXShellScriptBuildPhase;
			buildActionMask = 2147483647;
			files = (
			);
			inputFileListPaths = (
				"${PODS_ROOT}/Target Support Files/Pods-Collections/Pods-Collections-frameworks-${CONFIGURATION}-input-files.xcfilelist",
			);
			name = "[CP] Embed Pods Frameworks";
			outputFileListPaths = (
				"${PODS_ROOT}/Target Support Files/Pods-Collections/Pods-Collections-frameworks-${CONFIGURATION}-output-files.xcfilelist",
			);
			runOnlyForDeploymentPostprocessing = 0;
			shellPath = /bin/sh;
			shellScript = "\"${PODS_ROOT}/Target Support Files/Pods-Collections/Pods-Collections-frameworks.sh\"\n";
			showEnvVarsInLog = 0;
		};
		F19581FB22DC4DED005C0DD1 /* SwiftLint Run Script */ = {
			isa = PBXShellScriptBuildPhase;
			buildActionMask = 2147483647;
			files = (
			);
			inputFileListPaths = (
			);
			inputPaths = (
			);
			name = "SwiftLint Run Script";
			outputFileListPaths = (
			);
			outputPaths = (
			);
			runOnlyForDeploymentPostprocessing = 0;
			shellPath = /bin/sh;
			shellScript = "\"${PODS_ROOT}/SwiftLint/swiftlint\"\n";
		};
/* End PBXShellScriptBuildPhase section */

/* Begin PBXSourcesBuildPhase section */
		F14F4D2D22D7B4AF00F83D60 /* Sources */ = {
			isa = PBXSourcesBuildPhase;
			buildActionMask = 2147483647;
			files = (
				F1C352AE22D7C576005198B8 /* AuthWireframe.swift in Sources */,
				F1C352AA22D7C576005198B8 /* AuthAccessing.swift in Sources */,
				F14F4D4F22D7C26900F83D60 /* AuthCoordinator.swift in Sources */,
				F1C352B422D7C627005198B8 /* NetworkGateway.swift in Sources */,
				F1BF8D8B22DD65EE004B76F4 /* SearchViewController.swift in Sources */,
				F14F4D4A22D7C14100F83D60 /* AppCoordinator.swift in Sources */,
				F1C1EB1222E6BE48002A717A /* PostDetailAccessing.swift in Sources */,
				F1C352B122D7C5BF005198B8 /* UIStoryboard+DependencyInjection.swift in Sources */,
				F14F4D3522D7B4AF00F83D60 /* AppDelegate.swift in Sources */,
				F151E84E22EBE72700D16EF7 /* UITabBarController+LoadControllers.swift in Sources */,
				F1BF8D8D22DD65EE004B76F4 /* SearchWireframe.swift in Sources */,
				F1457EFE22DDA36100EBD322 /* Post.swift in Sources */,
				F1C352AC22D7C576005198B8 /* AuthViewController.swift in Sources */,
				F1369F8A22D815E6000EB574 /* HomeCoordinator.swift in Sources */,
				F1FAD9D322E03664000A699C /* AccountsInteractor.swift in Sources */,
				F19581F822DC3393005C0DD1 /* AppDelegateAccessing.swift in Sources */,
				F1C1EB1122E6BE48002A717A /* PostDetailInteractor.swift in Sources */,
				F151E84C22EBE1F700D16EF7 /* AccountsCoordinator.swift in Sources */,
				F1457EF522DDA2C200EBD322 /* GridLayout.swift in Sources */,
				F1BF8D8922DD65EE004B76F4 /* SearchAccessing.swift in Sources */,
				F19581FA22DC36BA005C0DD1 /* DeepLinkHandler.swift in Sources */,
				F1FAD9D222E03664000A699C /* AccountsViewController.swift in Sources */,
				F1FAD9D422E03664000A699C /* AccountsAccessing.swift in Sources */,
				F1C1EB1022E6BE48002A717A /* PostDetailViewController.swift in Sources */,
				F1457EF822DDA31800EBD322 /* PostsCell.swift in Sources */,
				F1C352AD22D7C576005198B8 /* AuthInteractor.swift in Sources */,
				F1BF8D8C22DD65EE004B76F4 /* SearchInteractor.swift in Sources */,
				F19581F622DC3151005C0DD1 /* UserDefaultsKey.swift in Sources */,
				F151E84A22EBDEE200D16EF7 /* SearchCoordinator.swift in Sources */,
				F1578E7322E2EFFC0023C704 /* AccountsCell.swift in Sources */,
				F14F4D4D22D7C21700F83D60 /* Coordinating.swift in Sources */,
				F1FAD9D022E03664000A699C /* AccountsPresenter.swift in Sources */,
				F1FAD9D522E03664000A699C /* AccountsWireframe.swift in Sources */,
				F1BF8D8822DD65EE004B76F4 /* SearchPresenter.swift in Sources */,
				F1457EFB22DDA34500EBD322 /* Reusable.swift in Sources */,
				F1C352A922D7C576005198B8 /* AuthPresenter.swift in Sources */,
				F1C1EB0E22E6BE48002A717A /* PostDetailPresenter.swift in Sources */,
				F14F4D4722D7C06400F83D60 /* Logger.swift in Sources */,
				F1C1EB1322E6BE48002A717A /* PostDetailWireframe.swift in Sources */,
			);
			runOnlyForDeploymentPostprocessing = 0;
		};
		F151E85022EC060400D16EF7 /* Sources */ = {
			isa = PBXSourcesBuildPhase;
			buildActionMask = 2147483647;
			files = (
				F151E87222EC066B00D16EF7 /* Modellable.swift in Sources */,
				F151E87922EC0B7400D16EF7 /* Collection+Modellable.swift in Sources */,
				F151E87522EC06B700D16EF7 /* Account.swift in Sources */,
			);
			runOnlyForDeploymentPostprocessing = 0;
		};
		F151E85822EC060400D16EF7 /* Sources */ = {
			isa = PBXSourcesBuildPhase;
			buildActionMask = 2147483647;
			files = (
				F151E86422EC060400D16EF7 /* CollectionsKitTests.swift in Sources */,
			);
			runOnlyForDeploymentPostprocessing = 0;
		};
		F18FBA8C22EA2D27001C0C42 /* Sources */ = {
			isa = PBXSourcesBuildPhase;
			buildActionMask = 2147483647;
			files = (
				F151E84322EA821600D16EF7 /* InstagramEmbedded.swift in Sources */,
				F1AEF6FA22EA7B5800BBD6B4 /* NetworkGateway.swift in Sources */,
				F18FBA9522EA2D27001C0C42 /* SaveAccountViewController.swift in Sources */,
				F1AEF6F522EA7A8A00BBD6B4 /* SaveAccountAccessing.swift in Sources */,
			);
			runOnlyForDeploymentPostprocessing = 0;
		};
/* End PBXSourcesBuildPhase section */

/* Begin PBXTargetDependency section */
		F151E85F22EC060400D16EF7 /* PBXTargetDependency */ = {
			isa = PBXTargetDependency;
			target = F151E85322EC060400D16EF7 /* CollectionsKit */;
			targetProxy = F151E85E22EC060400D16EF7 /* PBXContainerItemProxy */;
		};
		F151E86122EC060400D16EF7 /* PBXTargetDependency */ = {
			isa = PBXTargetDependency;
			target = F14F4D3022D7B4AF00F83D60 /* Collections */;
			targetProxy = F151E86022EC060400D16EF7 /* PBXContainerItemProxy */;
		};
		F151E86822EC060400D16EF7 /* PBXTargetDependency */ = {
			isa = PBXTargetDependency;
			target = F151E85322EC060400D16EF7 /* CollectionsKit */;
			targetProxy = F151E86722EC060400D16EF7 /* PBXContainerItemProxy */;
		};
		F18FBA9B22EA2D27001C0C42 /* PBXTargetDependency */ = {
			isa = PBXTargetDependency;
			target = F18FBA8F22EA2D27001C0C42 /* Save Account */;
			targetProxy = F18FBA9A22EA2D27001C0C42 /* PBXContainerItemProxy */;
		};
/* End PBXTargetDependency section */

/* Begin PBXVariantGroup section */
		F14F4D5122D7C39D00F83D60 /* LaunchScreen.storyboard */ = {
			isa = PBXVariantGroup;
			children = (
				F14F4D5222D7C39D00F83D60 /* Base */,
			);
			name = LaunchScreen.storyboard;
			sourceTree = "<group>";
		};
/* End PBXVariantGroup section */

/* Begin XCBuildConfiguration section */
		F14F4D4122D7B4B100F83D60 /* Debug */ = {
			isa = XCBuildConfiguration;
			buildSettings = {
				ALWAYS_SEARCH_USER_PATHS = NO;
				CLANG_ANALYZER_NONNULL = YES;
				CLANG_ANALYZER_NUMBER_OBJECT_CONVERSION = YES_AGGRESSIVE;
				CLANG_CXX_LANGUAGE_STANDARD = "gnu++14";
				CLANG_CXX_LIBRARY = "libc++";
				CLANG_ENABLE_MODULES = YES;
				CLANG_ENABLE_OBJC_ARC = YES;
				CLANG_ENABLE_OBJC_WEAK = YES;
				CLANG_WARN_BLOCK_CAPTURE_AUTORELEASING = YES;
				CLANG_WARN_BOOL_CONVERSION = YES;
				CLANG_WARN_COMMA = YES;
				CLANG_WARN_CONSTANT_CONVERSION = YES;
				CLANG_WARN_DEPRECATED_OBJC_IMPLEMENTATIONS = YES;
				CLANG_WARN_DIRECT_OBJC_ISA_USAGE = YES_ERROR;
				CLANG_WARN_DOCUMENTATION_COMMENTS = YES;
				CLANG_WARN_EMPTY_BODY = YES;
				CLANG_WARN_ENUM_CONVERSION = YES;
				CLANG_WARN_INFINITE_RECURSION = YES;
				CLANG_WARN_INT_CONVERSION = YES;
				CLANG_WARN_NON_LITERAL_NULL_CONVERSION = YES;
				CLANG_WARN_OBJC_IMPLICIT_RETAIN_SELF = YES;
				CLANG_WARN_OBJC_LITERAL_CONVERSION = YES;
				CLANG_WARN_OBJC_ROOT_CLASS = YES_ERROR;
				CLANG_WARN_RANGE_LOOP_ANALYSIS = YES;
				CLANG_WARN_STRICT_PROTOTYPES = YES;
				CLANG_WARN_SUSPICIOUS_MOVE = YES;
				CLANG_WARN_UNGUARDED_AVAILABILITY = YES_AGGRESSIVE;
				CLANG_WARN_UNREACHABLE_CODE = YES;
				CLANG_WARN__DUPLICATE_METHOD_MATCH = YES;
				CODE_SIGN_IDENTITY = "iPhone Developer";
				COPY_PHASE_STRIP = NO;
				DEBUG_INFORMATION_FORMAT = dwarf;
				ENABLE_STRICT_OBJC_MSGSEND = YES;
				ENABLE_TESTABILITY = YES;
				GCC_C_LANGUAGE_STANDARD = gnu11;
				GCC_DYNAMIC_NO_PIC = NO;
				GCC_NO_COMMON_BLOCKS = YES;
				GCC_OPTIMIZATION_LEVEL = 0;
				GCC_PREPROCESSOR_DEFINITIONS = (
					"DEBUG=1",
					"$(inherited)",
				);
				GCC_WARN_64_TO_32_BIT_CONVERSION = YES;
				GCC_WARN_ABOUT_RETURN_TYPE = YES_ERROR;
				GCC_WARN_UNDECLARED_SELECTOR = YES;
				GCC_WARN_UNINITIALIZED_AUTOS = YES_AGGRESSIVE;
				GCC_WARN_UNUSED_FUNCTION = YES;
				GCC_WARN_UNUSED_VARIABLE = YES;
				IPHONEOS_DEPLOYMENT_TARGET = 12.0;
				MTL_ENABLE_DEBUG_INFO = INCLUDE_SOURCE;
				MTL_FAST_MATH = YES;
				ONLY_ACTIVE_ARCH = YES;
				SDKROOT = iphoneos;
				SWIFT_ACTIVE_COMPILATION_CONDITIONS = DEBUG;
				SWIFT_OPTIMIZATION_LEVEL = "-Onone";
			};
			name = Debug;
		};
		F14F4D4222D7B4B100F83D60 /* Release */ = {
			isa = XCBuildConfiguration;
			buildSettings = {
				ALWAYS_SEARCH_USER_PATHS = NO;
				CLANG_ANALYZER_NONNULL = YES;
				CLANG_ANALYZER_NUMBER_OBJECT_CONVERSION = YES_AGGRESSIVE;
				CLANG_CXX_LANGUAGE_STANDARD = "gnu++14";
				CLANG_CXX_LIBRARY = "libc++";
				CLANG_ENABLE_MODULES = YES;
				CLANG_ENABLE_OBJC_ARC = YES;
				CLANG_ENABLE_OBJC_WEAK = YES;
				CLANG_WARN_BLOCK_CAPTURE_AUTORELEASING = YES;
				CLANG_WARN_BOOL_CONVERSION = YES;
				CLANG_WARN_COMMA = YES;
				CLANG_WARN_CONSTANT_CONVERSION = YES;
				CLANG_WARN_DEPRECATED_OBJC_IMPLEMENTATIONS = YES;
				CLANG_WARN_DIRECT_OBJC_ISA_USAGE = YES_ERROR;
				CLANG_WARN_DOCUMENTATION_COMMENTS = YES;
				CLANG_WARN_EMPTY_BODY = YES;
				CLANG_WARN_ENUM_CONVERSION = YES;
				CLANG_WARN_INFINITE_RECURSION = YES;
				CLANG_WARN_INT_CONVERSION = YES;
				CLANG_WARN_NON_LITERAL_NULL_CONVERSION = YES;
				CLANG_WARN_OBJC_IMPLICIT_RETAIN_SELF = YES;
				CLANG_WARN_OBJC_LITERAL_CONVERSION = YES;
				CLANG_WARN_OBJC_ROOT_CLASS = YES_ERROR;
				CLANG_WARN_RANGE_LOOP_ANALYSIS = YES;
				CLANG_WARN_STRICT_PROTOTYPES = YES;
				CLANG_WARN_SUSPICIOUS_MOVE = YES;
				CLANG_WARN_UNGUARDED_AVAILABILITY = YES_AGGRESSIVE;
				CLANG_WARN_UNREACHABLE_CODE = YES;
				CLANG_WARN__DUPLICATE_METHOD_MATCH = YES;
				CODE_SIGN_IDENTITY = "iPhone Developer";
				COPY_PHASE_STRIP = NO;
				DEBUG_INFORMATION_FORMAT = "dwarf-with-dsym";
				ENABLE_NS_ASSERTIONS = NO;
				ENABLE_STRICT_OBJC_MSGSEND = YES;
				GCC_C_LANGUAGE_STANDARD = gnu11;
				GCC_NO_COMMON_BLOCKS = YES;
				GCC_WARN_64_TO_32_BIT_CONVERSION = YES;
				GCC_WARN_ABOUT_RETURN_TYPE = YES_ERROR;
				GCC_WARN_UNDECLARED_SELECTOR = YES;
				GCC_WARN_UNINITIALIZED_AUTOS = YES_AGGRESSIVE;
				GCC_WARN_UNUSED_FUNCTION = YES;
				GCC_WARN_UNUSED_VARIABLE = YES;
				IPHONEOS_DEPLOYMENT_TARGET = 12.0;
				MTL_ENABLE_DEBUG_INFO = NO;
				MTL_FAST_MATH = YES;
				SDKROOT = iphoneos;
				SWIFT_COMPILATION_MODE = wholemodule;
				SWIFT_OPTIMIZATION_LEVEL = "-O";
				VALIDATE_PRODUCT = YES;
			};
			name = Release;
		};
		F14F4D4422D7B4B100F83D60 /* Debug */ = {
			isa = XCBuildConfiguration;
			baseConfigurationReference = 8F6BE6224DE0CEF56B83B357 /* Pods-Collections.debug.xcconfig */;
			buildSettings = {
				ALWAYS_EMBED_SWIFT_STANDARD_LIBRARIES = YES;
				ASSETCATALOG_COMPILER_APPICON_NAME = AppIcon;
				CODE_SIGN_ENTITLEMENTS = Collections/Collections.entitlements;
				CODE_SIGN_STYLE = Automatic;
				DEVELOPMENT_TEAM = K8JFVKN675;
				FRAMEWORK_SEARCH_PATHS = (
					"$(inherited)",
					"$(PROJECT_DIR)",
				);
				INFOPLIST_FILE = Collections/Info.plist;
				IPHONEOS_DEPLOYMENT_TARGET = 12.0;
				LD_RUNPATH_SEARCH_PATHS = (
					"$(inherited)",
					"@executable_path/Frameworks",
				);
				PRODUCT_BUNDLE_IDENTIFIER = xyz.bojan.Collections;
				PRODUCT_NAME = "$(TARGET_NAME)";
				SWIFT_VERSION = 5.0;
				TARGETED_DEVICE_FAMILY = 1;
			};
			name = Debug;
		};
		F14F4D4522D7B4B100F83D60 /* Release */ = {
			isa = XCBuildConfiguration;
			baseConfigurationReference = A2332E7C8BD873927E4C525E /* Pods-Collections.release.xcconfig */;
			buildSettings = {
				ALWAYS_EMBED_SWIFT_STANDARD_LIBRARIES = YES;
				ASSETCATALOG_COMPILER_APPICON_NAME = AppIcon;
				CODE_SIGN_ENTITLEMENTS = Collections/Collections.entitlements;
				CODE_SIGN_STYLE = Automatic;
				DEVELOPMENT_TEAM = K8JFVKN675;
				FRAMEWORK_SEARCH_PATHS = (
					"$(inherited)",
					"$(PROJECT_DIR)",
				);
				INFOPLIST_FILE = Collections/Info.plist;
				IPHONEOS_DEPLOYMENT_TARGET = 12.0;
				LD_RUNPATH_SEARCH_PATHS = (
					"$(inherited)",
					"@executable_path/Frameworks",
				);
				PRODUCT_BUNDLE_IDENTIFIER = xyz.bojan.Collections;
				PRODUCT_NAME = "$(TARGET_NAME)";
				SWIFT_VERSION = 5.0;
				TARGETED_DEVICE_FAMILY = 1;
			};
			name = Release;
		};
		F151E86C22EC060400D16EF7 /* Debug */ = {
			isa = XCBuildConfiguration;
			buildSettings = {
				CLANG_ENABLE_MODULES = YES;
				CODE_SIGN_IDENTITY = "";
				CODE_SIGN_STYLE = Automatic;
				CURRENT_PROJECT_VERSION = 1;
				DEFINES_MODULE = YES;
				DEVELOPMENT_TEAM = K8JFVKN675;
				DYLIB_COMPATIBILITY_VERSION = 1;
				DYLIB_CURRENT_VERSION = 1;
				DYLIB_INSTALL_NAME_BASE = "@rpath";
				INFOPLIST_FILE = CollectionsKit/Info.plist;
				INSTALL_PATH = "$(LOCAL_LIBRARY_DIR)/Frameworks";
				IPHONEOS_DEPLOYMENT_TARGET = 12.0;
				LD_RUNPATH_SEARCH_PATHS = (
					"$(inherited)",
					"@executable_path/Frameworks",
					"@loader_path/Frameworks",
				);
				PRODUCT_BUNDLE_IDENTIFIER = xyz.bojan.CollectionsKit;
				PRODUCT_NAME = "$(TARGET_NAME:c99extidentifier)";
				SKIP_INSTALL = YES;
				SWIFT_OPTIMIZATION_LEVEL = "-Onone";
				SWIFT_VERSION = 5.0;
				TARGETED_DEVICE_FAMILY = 1;
				VERSIONING_SYSTEM = "apple-generic";
				VERSION_INFO_PREFIX = "";
			};
			name = Debug;
		};
		F151E86D22EC060400D16EF7 /* Release */ = {
			isa = XCBuildConfiguration;
			buildSettings = {
				CLANG_ENABLE_MODULES = YES;
				CODE_SIGN_IDENTITY = "";
				CODE_SIGN_STYLE = Automatic;
				CURRENT_PROJECT_VERSION = 1;
				DEFINES_MODULE = YES;
				DEVELOPMENT_TEAM = K8JFVKN675;
				DYLIB_COMPATIBILITY_VERSION = 1;
				DYLIB_CURRENT_VERSION = 1;
				DYLIB_INSTALL_NAME_BASE = "@rpath";
				INFOPLIST_FILE = CollectionsKit/Info.plist;
				INSTALL_PATH = "$(LOCAL_LIBRARY_DIR)/Frameworks";
				IPHONEOS_DEPLOYMENT_TARGET = 12.0;
				LD_RUNPATH_SEARCH_PATHS = (
					"$(inherited)",
					"@executable_path/Frameworks",
					"@loader_path/Frameworks",
				);
				PRODUCT_BUNDLE_IDENTIFIER = xyz.bojan.CollectionsKit;
				PRODUCT_NAME = "$(TARGET_NAME:c99extidentifier)";
				SKIP_INSTALL = YES;
				SWIFT_VERSION = 5.0;
				TARGETED_DEVICE_FAMILY = 1;
				VERSIONING_SYSTEM = "apple-generic";
				VERSION_INFO_PREFIX = "";
			};
			name = Release;
		};
		F151E86F22EC060400D16EF7 /* Debug */ = {
			isa = XCBuildConfiguration;
			buildSettings = {
				ALWAYS_EMBED_SWIFT_STANDARD_LIBRARIES = YES;
				CODE_SIGN_STYLE = Automatic;
				DEVELOPMENT_TEAM = K8JFVKN675;
				INFOPLIST_FILE = CollectionsKitTests/Info.plist;
				IPHONEOS_DEPLOYMENT_TARGET = 12.4;
				LD_RUNPATH_SEARCH_PATHS = (
					"$(inherited)",
					"@executable_path/Frameworks",
					"@loader_path/Frameworks",
				);
				PRODUCT_BUNDLE_IDENTIFIER = xyz.bojan.CollectionsKitTests;
				PRODUCT_NAME = "$(TARGET_NAME)";
				SWIFT_VERSION = 5.0;
				TARGETED_DEVICE_FAMILY = "1,2";
				TEST_HOST = "$(BUILT_PRODUCTS_DIR)/Collections.app/Collections";
			};
			name = Debug;
		};
		F151E87022EC060400D16EF7 /* Release */ = {
			isa = XCBuildConfiguration;
			buildSettings = {
				ALWAYS_EMBED_SWIFT_STANDARD_LIBRARIES = YES;
				CODE_SIGN_STYLE = Automatic;
				DEVELOPMENT_TEAM = K8JFVKN675;
				INFOPLIST_FILE = CollectionsKitTests/Info.plist;
				IPHONEOS_DEPLOYMENT_TARGET = 12.4;
				LD_RUNPATH_SEARCH_PATHS = (
					"$(inherited)",
					"@executable_path/Frameworks",
					"@loader_path/Frameworks",
				);
				PRODUCT_BUNDLE_IDENTIFIER = xyz.bojan.CollectionsKitTests;
				PRODUCT_NAME = "$(TARGET_NAME)";
				SWIFT_VERSION = 5.0;
				TARGETED_DEVICE_FAMILY = "1,2";
				TEST_HOST = "$(BUILT_PRODUCTS_DIR)/Collections.app/Collections";
			};
			name = Release;
		};
		F18FBA9D22EA2D27001C0C42 /* Debug */ = {
			isa = XCBuildConfiguration;
			baseConfigurationReference = 7E5DA0F4746C524F10AA234C /* Pods-Save Account.debug.xcconfig */;
			buildSettings = {
				CODE_SIGN_ENTITLEMENTS = "Save Account/Save Account.entitlements";
				CODE_SIGN_STYLE = Automatic;
				DEVELOPMENT_TEAM = K8JFVKN675;
				FRAMEWORK_SEARCH_PATHS = (
					"$(inherited)",
					"$(PROJECT_DIR)",
				);
				INFOPLIST_FILE = "Save Account/Info.plist";
				IPHONEOS_DEPLOYMENT_TARGET = 12.0;
				LD_RUNPATH_SEARCH_PATHS = (
					"$(inherited)",
					"@executable_path/Frameworks",
					"@executable_path/../../Frameworks",
				);
				PRODUCT_BUNDLE_IDENTIFIER = "xyz.bojan.Collections.Save-Account";
				PRODUCT_NAME = "$(TARGET_NAME)";
				SKIP_INSTALL = YES;
				SWIFT_VERSION = 5.0;
				TARGETED_DEVICE_FAMILY = 1;
			};
			name = Debug;
		};
		F18FBA9E22EA2D27001C0C42 /* Release */ = {
			isa = XCBuildConfiguration;
			baseConfigurationReference = 798312D1549DF3CE86AD2D8F /* Pods-Save Account.release.xcconfig */;
			buildSettings = {
				CODE_SIGN_ENTITLEMENTS = "Save Account/Save Account.entitlements";
				CODE_SIGN_STYLE = Automatic;
				DEVELOPMENT_TEAM = K8JFVKN675;
				FRAMEWORK_SEARCH_PATHS = (
					"$(inherited)",
					"$(PROJECT_DIR)",
				);
				INFOPLIST_FILE = "Save Account/Info.plist";
				IPHONEOS_DEPLOYMENT_TARGET = 12.0;
				LD_RUNPATH_SEARCH_PATHS = (
					"$(inherited)",
					"@executable_path/Frameworks",
					"@executable_path/../../Frameworks",
				);
				PRODUCT_BUNDLE_IDENTIFIER = "xyz.bojan.Collections.Save-Account";
				PRODUCT_NAME = "$(TARGET_NAME)";
				SKIP_INSTALL = YES;
				SWIFT_VERSION = 5.0;
				TARGETED_DEVICE_FAMILY = 1;
			};
			name = Release;
		};
/* End XCBuildConfiguration section */

/* Begin XCConfigurationList section */
		F14F4D2C22D7B4AE00F83D60 /* Build configuration list for PBXProject "Collections" */ = {
			isa = XCConfigurationList;
			buildConfigurations = (
				F14F4D4122D7B4B100F83D60 /* Debug */,
				F14F4D4222D7B4B100F83D60 /* Release */,
			);
			defaultConfigurationIsVisible = 0;
			defaultConfigurationName = Release;
		};
		F14F4D4322D7B4B100F83D60 /* Build configuration list for PBXNativeTarget "Collections" */ = {
			isa = XCConfigurationList;
			buildConfigurations = (
				F14F4D4422D7B4B100F83D60 /* Debug */,
				F14F4D4522D7B4B100F83D60 /* Release */,
			);
			defaultConfigurationIsVisible = 0;
			defaultConfigurationName = Release;
		};
		F151E86B22EC060400D16EF7 /* Build configuration list for PBXNativeTarget "CollectionsKit" */ = {
			isa = XCConfigurationList;
			buildConfigurations = (
				F151E86C22EC060400D16EF7 /* Debug */,
				F151E86D22EC060400D16EF7 /* Release */,
			);
			defaultConfigurationIsVisible = 0;
			defaultConfigurationName = Release;
		};
		F151E86E22EC060400D16EF7 /* Build configuration list for PBXNativeTarget "CollectionsKitTests" */ = {
			isa = XCConfigurationList;
			buildConfigurations = (
				F151E86F22EC060400D16EF7 /* Debug */,
				F151E87022EC060400D16EF7 /* Release */,
			);
			defaultConfigurationIsVisible = 0;
			defaultConfigurationName = Release;
		};
		F18FBA9F22EA2D27001C0C42 /* Build configuration list for PBXNativeTarget "Save Account" */ = {
			isa = XCConfigurationList;
			buildConfigurations = (
				F18FBA9D22EA2D27001C0C42 /* Debug */,
				F18FBA9E22EA2D27001C0C42 /* Release */,
			);
			defaultConfigurationIsVisible = 0;
			defaultConfigurationName = Release;
		};
/* End XCConfigurationList section */
	};
	rootObject = F14F4D2922D7B4AE00F83D60 /* Project object */;
}
